
Microsoft Visual Studio Solution File, Format Version 12.00
# Visual Studio Version 16
VisualStudioVersion = 16.0.30907.101
MinimumVisualStudioVersion = 10.0.40219.1
Project("{FAE04EC0-301F-11D3-BF4B-00C04F79EFBC}") = "BankTransferSlip", "BankTransferSlip.csproj", "{EA22868E-8156-4ABB-B189-C8826A1CEA2E}"
EndProject
Global
	GlobalSection(SolutionConfigurationPlatforms) = preSolution
		Debug|Any CPU = Debug|Any CPU
		Release|Any CPU = Release|Any CPU
	EndGlobalSection
	GlobalSection(ProjectConfigurationPlatforms) = postSolution
		{EA22868E-8156-4ABB-B189-C8826A1CEA2E}.Debug|Any CPU.ActiveCfg = Debug|Any CPU
		{EA22868E-8156-4ABB-B189-C8826A1CEA2E}.Debug|Any CPU.Build.0 = Debug|Any CPU
		{EA22868E-8156-4ABB-B189-C8826A1CEA2E}.Release|Any CPU.ActiveCfg = Release|Any CPU
		{EA22868E-8156-4ABB-B189-C8826A1CEA2E}.Release|Any CPU.Build.0 = Release|Any CPU
	EndGlobalSection
	GlobalSection(SolutionProperties) = preSolution
		HideSolutionNode = FALSE
	EndGlobalSection
	GlobalSection(ExtensibilityGlobals) = postSolution
		SolutionGuid = {1512A21B-2EDD-4EFE-8A40-BFDFD2C63651}
	EndGlobalSection
EndGlobal
